
Microsoft Visual Studio Solution File, Format Version 12.00
# Visual Studio Version 17
VisualStudioVersion = 17.7.34221.43
MinimumVisualStudioVersion = 10.0.40219.1
Project("{9A19103F-16F7-4668-BE54-9A1E7A4F7556}") = "Phonebook.Contact.API", "Phonebook.Contact.API\Phonebook.Contact.API.csproj", "{9CB8840D-B854-42A0-A840-31041FC7F73B}"
EndProject
Project("{9A19103F-16F7-4668-BE54-9A1E7A4F7556}") = "Phonebook.Report.API", "Phonebook.Report.API\Phonebook.Report.API.csproj", "{249EAC6C-FA8C-40F4-B4CE-F569DB87D236}"
EndProject
Project("{2150E333-8FDC-42A3-9474-1A3956D46DE8}") = "API", "API", "{0CCA99D0-9CC9-46C4-8B8D-21E572BF8A98}"
EndProject
Project("{2150E333-8FDC-42A3-9474-1A3956D46DE8}") = "UnitTest", "UnitTest", "{BA425E95-6AF9-4DD8-BB61-80A54B9DFD98}"
EndProject
Project("{2150E333-8FDC-42A3-9474-1A3956D46DE8}") = "Contact", "Contact", "{E0088471-6464-49D7-88EE-BD1BAD204397}"
EndProject
Project("{2150E333-8FDC-42A3-9474-1A3956D46DE8}") = "Report", "Report", "{3A5B59D9-B29C-4610-846A-D6C2B7E6BC18}"
EndProject
Project("{9A19103F-16F7-4668-BE54-9A1E7A4F7556}") = "Phonebook.Contact.Domain", "Phonebook.Contact.Domain\Phonebook.Contact.Domain.csproj", "{BA72FB1F-56D1-42ED-97C4-381FB0250A37}"
EndProject
Project("{9A19103F-16F7-4668-BE54-9A1E7A4F7556}") = "Phonebook.Contact.Infrastracture", "Phonebook.Contact.Infrastracture\Phonebook.Contact.Infrastracture.csproj", "{11828DCD-33D0-4FBC-83CE-B5A315709804}"
EndProject
Project("{2150E333-8FDC-42A3-9474-1A3956D46DE8}") = "Shared", "Shared", "{1D2527B1-6D13-4FD9-A703-A0F6F18CA359}"
EndProject
Project("{9A19103F-16F7-4668-BE54-9A1E7A4F7556}") = "Phonebook.Shared", "Phonebook.Shared\Phonebook.Shared.csproj", "{8011E9EE-7576-4D7B-95B3-FCE3C81F1FFE}"
EndProject
Project("{9A19103F-16F7-4668-BE54-9A1E7A4F7556}") = "Phonebook.Contact.UnitTest", "Phonebook.Contact.UnitTest\Phonebook.Contact.UnitTest.csproj", "{DD722305-C7B6-4FC0-A81D-C119B236105C}"
EndProject
Project("{9A19103F-16F7-4668-BE54-9A1E7A4F7556}") = "Phonebook.Report.UnitTest", "Phonebook.Report.UnitTest\Phonebook.Report.UnitTest.csproj", "{AC9DAC18-5D3E-4029-81CD-8BB0DC5DAAAE}"
EndProject
Project("{9A19103F-16F7-4668-BE54-9A1E7A4F7556}") = "Phonebook.Report.Domain", "Phonebook.Report.Domain\Phonebook.Report.Domain.csproj", "{5D9FC249-3AAE-43BF-9392-BEC3859F11F9}"
EndProject
Project("{9A19103F-16F7-4668-BE54-9A1E7A4F7556}") = "Phonebook.Report.Infrastructure", "Phonebook.Report.Infrastructure\Phonebook.Report.Infrastructure.csproj", "{3991711D-C86C-4FC5-AC6B-FFE41C628FB0}"
EndProject
Project("{2150E333-8FDC-42A3-9474-1A3956D46DE8}") = "EventBus", "EventBus", "{EFBF74EC-CCA2-40F9-8F4C-4381EB100FA0}"
EndProject
Project("{FAE04EC0-301F-11D3-BF4B-00C04F79EFBC}") = "EventBus.Base", "EventBus.Base\EventBus.Base.csproj", "{3F2865F1-2B12-4053-BDE9-B3A3F5BF2920}"
EndProject
Project("{FAE04EC0-301F-11D3-BF4B-00C04F79EFBC}") = "EventBus.Factory", "EventBus.Factory\EventBus.Factory.csproj", "{FF66FF05-E87F-4241-B989-7FEE38D5D670}"
EndProject
Project("{FAE04EC0-301F-11D3-BF4B-00C04F79EFBC}") = "EventBus.RabbitMQ", "EventBus.RabbitMQ\EventBus.RabbitMQ.csproj", "{87C7E08D-6F5F-42BE-9305-F6BBD4A91CF9}"
EndProject
Global
	GlobalSection(SolutionConfigurationPlatforms) = preSolution
		Debug|Any CPU = Debug|Any CPU
		Release|Any CPU = Release|Any CPU
	EndGlobalSection
	GlobalSection(ProjectConfigurationPlatforms) = postSolution
		{9CB8840D-B854-42A0-A840-31041FC7F73B}.Debug|Any CPU.ActiveCfg = Debug|Any CPU
		{9CB8840D-B854-42A0-A840-31041FC7F73B}.Debug|Any CPU.Build.0 = Debug|Any CPU
		{9CB8840D-B854-42A0-A840-31041FC7F73B}.Release|Any CPU.ActiveCfg = Release|Any CPU
		{9CB8840D-B854-42A0-A840-31041FC7F73B}.Release|Any CPU.Build.0 = Release|Any CPU
		{249EAC6C-FA8C-40F4-B4CE-F569DB87D236}.Debug|Any CPU.ActiveCfg = Debug|Any CPU
		{249EAC6C-FA8C-40F4-B4CE-F569DB87D236}.Debug|Any CPU.Build.0 = Debug|Any CPU
		{249EAC6C-FA8C-40F4-B4CE-F569DB87D236}.Release|Any CPU.ActiveCfg = Release|Any CPU
		{249EAC6C-FA8C-40F4-B4CE-F569DB87D236}.Release|Any CPU.Build.0 = Release|Any CPU
		{BA72FB1F-56D1-42ED-97C4-381FB0250A37}.Debug|Any CPU.ActiveCfg = Debug|Any CPU
		{BA72FB1F-56D1-42ED-97C4-381FB0250A37}.Debug|Any CPU.Build.0 = Debug|Any CPU
		{BA72FB1F-56D1-42ED-97C4-381FB0250A37}.Release|Any CPU.ActiveCfg = Release|Any CPU
		{BA72FB1F-56D1-42ED-97C4-381FB0250A37}.Release|Any CPU.Build.0 = Release|Any CPU
		{11828DCD-33D0-4FBC-83CE-B5A315709804}.Debug|Any CPU.ActiveCfg = Debug|Any CPU
		{11828DCD-33D0-4FBC-83CE-B5A315709804}.Debug|Any CPU.Build.0 = Debug|Any CPU
		{11828DCD-33D0-4FBC-83CE-B5A315709804}.Release|Any CPU.ActiveCfg = Release|Any CPU
		{11828DCD-33D0-4FBC-83CE-B5A315709804}.Release|Any CPU.Build.0 = Release|Any CPU
		{8011E9EE-7576-4D7B-95B3-FCE3C81F1FFE}.Debug|Any CPU.ActiveCfg = Debug|Any CPU
		{8011E9EE-7576-4D7B-95B3-FCE3C81F1FFE}.Debug|Any CPU.Build.0 = Debug|Any CPU
		{8011E9EE-7576-4D7B-95B3-FCE3C81F1FFE}.Release|Any CPU.ActiveCfg = Release|Any CPU
		{8011E9EE-7576-4D7B-95B3-FCE3C81F1FFE}.Release|Any CPU.Build.0 = Release|Any CPU
		{DD722305-C7B6-4FC0-A81D-C119B236105C}.Debug|Any CPU.ActiveCfg = Debug|Any CPU
		{DD722305-C7B6-4FC0-A81D-C119B236105C}.Debug|Any CPU.Build.0 = Debug|Any CPU
		{DD722305-C7B6-4FC0-A81D-C119B236105C}.Release|Any CPU.ActiveCfg = Release|Any CPU
		{DD722305-C7B6-4FC0-A81D-C119B236105C}.Release|Any CPU.Build.0 = Release|Any CPU
		{AC9DAC18-5D3E-4029-81CD-8BB0DC5DAAAE}.Debug|Any CPU.ActiveCfg = Debug|Any CPU
		{AC9DAC18-5D3E-4029-81CD-8BB0DC5DAAAE}.Debug|Any CPU.Build.0 = Debug|Any CPU
		{AC9DAC18-5D3E-4029-81CD-8BB0DC5DAAAE}.Release|Any CPU.ActiveCfg = Release|Any CPU
		{AC9DAC18-5D3E-4029-81CD-8BB0DC5DAAAE}.Release|Any CPU.Build.0 = Release|Any CPU
		{5D9FC249-3AAE-43BF-9392-BEC3859F11F9}.Debug|Any CPU.ActiveCfg = Debug|Any CPU
		{5D9FC249-3AAE-43BF-9392-BEC3859F11F9}.Debug|Any CPU.Build.0 = Debug|Any CPU
		{5D9FC249-3AAE-43BF-9392-BEC3859F11F9}.Release|Any CPU.ActiveCfg = Release|Any CPU
		{5D9FC249-3AAE-43BF-9392-BEC3859F11F9}.Release|Any CPU.Build.0 = Release|Any CPU
		{3991711D-C86C-4FC5-AC6B-FFE41C628FB0}.Debug|Any CPU.ActiveCfg = Debug|Any CPU
		{3991711D-C86C-4FC5-AC6B-FFE41C628FB0}.Debug|Any CPU.Build.0 = Debug|Any CPU
		{3991711D-C86C-4FC5-AC6B-FFE41C628FB0}.Release|Any CPU.ActiveCfg = Release|Any CPU
		{3991711D-C86C-4FC5-AC6B-FFE41C628FB0}.Release|Any CPU.Build.0 = Release|Any CPU
		{3F2865F1-2B12-4053-BDE9-B3A3F5BF2920}.Debug|Any CPU.ActiveCfg = Debug|Any CPU
		{3F2865F1-2B12-4053-BDE9-B3A3F5BF2920}.Debug|Any CPU.Build.0 = Debug|Any CPU
		{3F2865F1-2B12-4053-BDE9-B3A3F5BF2920}.Release|Any CPU.ActiveCfg = Release|Any CPU
		{3F2865F1-2B12-4053-BDE9-B3A3F5BF2920}.Release|Any CPU.Build.0 = Release|Any CPU
		{FF66FF05-E87F-4241-B989-7FEE38D5D670}.Debug|Any CPU.ActiveCfg = Debug|Any CPU
		{FF66FF05-E87F-4241-B989-7FEE38D5D670}.Debug|Any CPU.Build.0 = Debug|Any CPU
		{FF66FF05-E87F-4241-B989-7FEE38D5D670}.Release|Any CPU.ActiveCfg = Release|Any CPU
		{FF66FF05-E87F-4241-B989-7FEE38D5D670}.Release|Any CPU.Build.0 = Release|Any CPU
		{87C7E08D-6F5F-42BE-9305-F6BBD4A91CF9}.Debug|Any CPU.ActiveCfg = Debug|Any CPU
		{87C7E08D-6F5F-42BE-9305-F6BBD4A91CF9}.Debug|Any CPU.Build.0 = Debug|Any CPU
		{87C7E08D-6F5F-42BE-9305-F6BBD4A91CF9}.Release|Any CPU.ActiveCfg = Release|Any CPU
		{87C7E08D-6F5F-42BE-9305-F6BBD4A91CF9}.Release|Any CPU.Build.0 = Release|Any CPU
	EndGlobalSection
	GlobalSection(SolutionProperties) = preSolution
		HideSolutionNode = FALSE
	EndGlobalSection
	GlobalSection(NestedProjects) = preSolution
		{9CB8840D-B854-42A0-A840-31041FC7F73B} = {E0088471-6464-49D7-88EE-BD1BAD204397}
		{249EAC6C-FA8C-40F4-B4CE-F569DB87D236} = {3A5B59D9-B29C-4610-846A-D6C2B7E6BC18}
		{BA425E95-6AF9-4DD8-BB61-80A54B9DFD98} = {0CCA99D0-9CC9-46C4-8B8D-21E572BF8A98}
		{E0088471-6464-49D7-88EE-BD1BAD204397} = {0CCA99D0-9CC9-46C4-8B8D-21E572BF8A98}
		{3A5B59D9-B29C-4610-846A-D6C2B7E6BC18} = {0CCA99D0-9CC9-46C4-8B8D-21E572BF8A98}
		{BA72FB1F-56D1-42ED-97C4-381FB0250A37} = {E0088471-6464-49D7-88EE-BD1BAD204397}
		{11828DCD-33D0-4FBC-83CE-B5A315709804} = {E0088471-6464-49D7-88EE-BD1BAD204397}
		{8011E9EE-7576-4D7B-95B3-FCE3C81F1FFE} = {1D2527B1-6D13-4FD9-A703-A0F6F18CA359}
		{DD722305-C7B6-4FC0-A81D-C119B236105C} = {BA425E95-6AF9-4DD8-BB61-80A54B9DFD98}
		{AC9DAC18-5D3E-4029-81CD-8BB0DC5DAAAE} = {BA425E95-6AF9-4DD8-BB61-80A54B9DFD98}
		{5D9FC249-3AAE-43BF-9392-BEC3859F11F9} = {3A5B59D9-B29C-4610-846A-D6C2B7E6BC18}
		{3991711D-C86C-4FC5-AC6B-FFE41C628FB0} = {3A5B59D9-B29C-4610-846A-D6C2B7E6BC18}
		{3F2865F1-2B12-4053-BDE9-B3A3F5BF2920} = {EFBF74EC-CCA2-40F9-8F4C-4381EB100FA0}
		{FF66FF05-E87F-4241-B989-7FEE38D5D670} = {EFBF74EC-CCA2-40F9-8F4C-4381EB100FA0}
		{87C7E08D-6F5F-42BE-9305-F6BBD4A91CF9} = {EFBF74EC-CCA2-40F9-8F4C-4381EB100FA0}
	EndGlobalSection
	GlobalSection(ExtensibilityGlobals) = postSolution
		SolutionGuid = {07C3EB2F-C004-4644-AAD3-E45E6DF890AE}
	EndGlobalSection
EndGlobal
