
Microsoft Visual Studio Solution File, Format Version 12.00
# Visual Studio Version 17
VisualStudioVersion = 17.7.34221.43
MinimumVisualStudioVersion = 10.0.40219.1
Project("{FAE04EC0-301F-11D3-BF4B-00C04F79EFBC}") = "Phonebook.Contact.API", "Phonebook.Contact.API\Phonebook.Contact.API.csproj", "{9CB8840D-B854-42A0-A840-31041FC7F73B}"
EndProject
Project("{FAE04EC0-301F-11D3-BF4B-00C04F79EFBC}") = "Phonebook.Report.API", "Phonebook.Report.API\Phonebook.Report.API.csproj", "{249EAC6C-FA8C-40F4-B4CE-F569DB87D236}"
EndProject
Project("{2150E333-8FDC-42A3-9474-1A3956D46DE8}") = "API", "API", "{0CCA99D0-9CC9-46C4-8B8D-21E572BF8A98}"
EndProject
Project("{2150E333-8FDC-42A3-9474-1A3956D46DE8}") = "UnitTest", "UnitTest", "{BA425E95-6AF9-4DD8-BB61-80A54B9DFD98}"
EndProject
Project("{2150E333-8FDC-42A3-9474-1A3956D46DE8}") = "Contact", "Contact", "{E0088471-6464-49D7-88EE-BD1BAD204397}"
EndProject
Project("{2150E333-8FDC-42A3-9474-1A3956D46DE8}") = "Report", "Report", "{3A5B59D9-B29C-4610-846A-D6C2B7E6BC18}"
EndProject
Project("{FAE04EC0-301F-11D3-BF4B-00C04F79EFBC}") = "Phonebook.Contact.Domain", "Phonebook.Contact.Domain\Phonebook.Contact.Domain.csproj", "{BA72FB1F-56D1-42ED-97C4-381FB0250A37}"
EndProject
Project("{FAE04EC0-301F-11D3-BF4B-00C04F79EFBC}") = "Phonebook.Contact.Infrastracture", "Phonebook.Contact.Infrastracture\Phonebook.Contact.Infrastracture.csproj", "{11828DCD-33D0-4FBC-83CE-B5A315709804}"
EndProject
Project("{FAE04EC0-301F-11D3-BF4B-00C04F79EFBC}") = "Phonebook.Report.Business", "Phonebook.Report.Business\Phonebook.Report.Business.csproj", "{5E94D887-8020-4A25-A26E-9FDC394731B4}"
EndProject
Project("{FAE04EC0-301F-11D3-BF4B-00C04F79EFBC}") = "Phonebook.Report.Entity", "Phonebook.Report.Entity\Phonebook.Report.Entity.csproj", "{D9F8C4D2-8D35-4048-9FA1-9A49D798E739}"
EndProject
Project("{2150E333-8FDC-42A3-9474-1A3956D46DE8}") = "Shared", "Shared", "{1D2527B1-6D13-4FD9-A703-A0F6F18CA359}"
EndProject
Project("{FAE04EC0-301F-11D3-BF4B-00C04F79EFBC}") = "Phonebook.Shared", "Phonebook.Shared\Phonebook.Shared.csproj", "{8011E9EE-7576-4D7B-95B3-FCE3C81F1FFE}"
EndProject
Project("{FAE04EC0-301F-11D3-BF4B-00C04F79EFBC}") = "Phonebook.Contact.UnitTest", "Phonebook.Contact.UnitTest\Phonebook.Contact.UnitTest.csproj", "{DD722305-C7B6-4FC0-A81D-C119B236105C}"
EndProject
Project("{FAE04EC0-301F-11D3-BF4B-00C04F79EFBC}") = "Phonebook.Report.UnitTest", "Phonebook.Report.UnitTest\Phonebook.Report.UnitTest.csproj", "{AC9DAC18-5D3E-4029-81CD-8BB0DC5DAAAE}"
EndProject
Global
	GlobalSection(SolutionConfigurationPlatforms) = preSolution
		Debug|Any CPU = Debug|Any CPU
		Release|Any CPU = Release|Any CPU
	EndGlobalSection
	GlobalSection(ProjectConfigurationPlatforms) = postSolution
		{9CB8840D-B854-42A0-A840-31041FC7F73B}.Debug|Any CPU.ActiveCfg = Debug|Any CPU
		{9CB8840D-B854-42A0-A840-31041FC7F73B}.Debug|Any CPU.Build.0 = Debug|Any CPU
		{9CB8840D-B854-42A0-A840-31041FC7F73B}.Release|Any CPU.ActiveCfg = Release|Any CPU
		{9CB8840D-B854-42A0-A840-31041FC7F73B}.Release|Any CPU.Build.0 = Release|Any CPU
		{249EAC6C-FA8C-40F4-B4CE-F569DB87D236}.Debug|Any CPU.ActiveCfg = Debug|Any CPU
		{249EAC6C-FA8C-40F4-B4CE-F569DB87D236}.Debug|Any CPU.Build.0 = Debug|Any CPU
		{249EAC6C-FA8C-40F4-B4CE-F569DB87D236}.Release|Any CPU.ActiveCfg = Release|Any CPU
		{249EAC6C-FA8C-40F4-B4CE-F569DB87D236}.Release|Any CPU.Build.0 = Release|Any CPU
		{BA72FB1F-56D1-42ED-97C4-381FB0250A37}.Debug|Any CPU.ActiveCfg = Debug|Any CPU
		{BA72FB1F-56D1-42ED-97C4-381FB0250A37}.Debug|Any CPU.Build.0 = Debug|Any CPU
		{BA72FB1F-56D1-42ED-97C4-381FB0250A37}.Release|Any CPU.ActiveCfg = Release|Any CPU
		{BA72FB1F-56D1-42ED-97C4-381FB0250A37}.Release|Any CPU.Build.0 = Release|Any CPU
		{11828DCD-33D0-4FBC-83CE-B5A315709804}.Debug|Any CPU.ActiveCfg = Debug|Any CPU
		{11828DCD-33D0-4FBC-83CE-B5A315709804}.Debug|Any CPU.Build.0 = Debug|Any CPU
		{11828DCD-33D0-4FBC-83CE-B5A315709804}.Release|Any CPU.ActiveCfg = Release|Any CPU
		{11828DCD-33D0-4FBC-83CE-B5A315709804}.Release|Any CPU.Build.0 = Release|Any CPU
		{5E94D887-8020-4A25-A26E-9FDC394731B4}.Debug|Any CPU.ActiveCfg = Debug|Any CPU
		{5E94D887-8020-4A25-A26E-9FDC394731B4}.Debug|Any CPU.Build.0 = Debug|Any CPU
		{5E94D887-8020-4A25-A26E-9FDC394731B4}.Release|Any CPU.ActiveCfg = Release|Any CPU
		{5E94D887-8020-4A25-A26E-9FDC394731B4}.Release|Any CPU.Build.0 = Release|Any CPU
		{D9F8C4D2-8D35-4048-9FA1-9A49D798E739}.Debug|Any CPU.ActiveCfg = Debug|Any CPU
		{D9F8C4D2-8D35-4048-9FA1-9A49D798E739}.Debug|Any CPU.Build.0 = Debug|Any CPU
		{D9F8C4D2-8D35-4048-9FA1-9A49D798E739}.Release|Any CPU.ActiveCfg = Release|Any CPU
		{D9F8C4D2-8D35-4048-9FA1-9A49D798E739}.Release|Any CPU.Build.0 = Release|Any CPU
		{8011E9EE-7576-4D7B-95B3-FCE3C81F1FFE}.Debug|Any CPU.ActiveCfg = Debug|Any CPU
		{8011E9EE-7576-4D7B-95B3-FCE3C81F1FFE}.Debug|Any CPU.Build.0 = Debug|Any CPU
		{8011E9EE-7576-4D7B-95B3-FCE3C81F1FFE}.Release|Any CPU.ActiveCfg = Release|Any CPU
		{8011E9EE-7576-4D7B-95B3-FCE3C81F1FFE}.Release|Any CPU.Build.0 = Release|Any CPU
		{DD722305-C7B6-4FC0-A81D-C119B236105C}.Debug|Any CPU.ActiveCfg = Debug|Any CPU
		{DD722305-C7B6-4FC0-A81D-C119B236105C}.Debug|Any CPU.Build.0 = Debug|Any CPU
		{DD722305-C7B6-4FC0-A81D-C119B236105C}.Release|Any CPU.ActiveCfg = Release|Any CPU
		{DD722305-C7B6-4FC0-A81D-C119B236105C}.Release|Any CPU.Build.0 = Release|Any CPU
		{AC9DAC18-5D3E-4029-81CD-8BB0DC5DAAAE}.Debug|Any CPU.ActiveCfg = Debug|Any CPU
		{AC9DAC18-5D3E-4029-81CD-8BB0DC5DAAAE}.Debug|Any CPU.Build.0 = Debug|Any CPU
		{AC9DAC18-5D3E-4029-81CD-8BB0DC5DAAAE}.Release|Any CPU.ActiveCfg = Release|Any CPU
		{AC9DAC18-5D3E-4029-81CD-8BB0DC5DAAAE}.Release|Any CPU.Build.0 = Release|Any CPU
	EndGlobalSection
	GlobalSection(SolutionProperties) = preSolution
		HideSolutionNode = FALSE
	EndGlobalSection
	GlobalSection(NestedProjects) = preSolution
		{9CB8840D-B854-42A0-A840-31041FC7F73B} = {E0088471-6464-49D7-88EE-BD1BAD204397}
		{249EAC6C-FA8C-40F4-B4CE-F569DB87D236} = {3A5B59D9-B29C-4610-846A-D6C2B7E6BC18}
		{BA425E95-6AF9-4DD8-BB61-80A54B9DFD98} = {0CCA99D0-9CC9-46C4-8B8D-21E572BF8A98}
		{E0088471-6464-49D7-88EE-BD1BAD204397} = {0CCA99D0-9CC9-46C4-8B8D-21E572BF8A98}
		{3A5B59D9-B29C-4610-846A-D6C2B7E6BC18} = {0CCA99D0-9CC9-46C4-8B8D-21E572BF8A98}
		{BA72FB1F-56D1-42ED-97C4-381FB0250A37} = {E0088471-6464-49D7-88EE-BD1BAD204397}
		{11828DCD-33D0-4FBC-83CE-B5A315709804} = {E0088471-6464-49D7-88EE-BD1BAD204397}
		{5E94D887-8020-4A25-A26E-9FDC394731B4} = {3A5B59D9-B29C-4610-846A-D6C2B7E6BC18}
		{D9F8C4D2-8D35-4048-9FA1-9A49D798E739} = {3A5B59D9-B29C-4610-846A-D6C2B7E6BC18}
		{8011E9EE-7576-4D7B-95B3-FCE3C81F1FFE} = {1D2527B1-6D13-4FD9-A703-A0F6F18CA359}
		{DD722305-C7B6-4FC0-A81D-C119B236105C} = {BA425E95-6AF9-4DD8-BB61-80A54B9DFD98}
		{AC9DAC18-5D3E-4029-81CD-8BB0DC5DAAAE} = {BA425E95-6AF9-4DD8-BB61-80A54B9DFD98}
	EndGlobalSection
	GlobalSection(ExtensibilityGlobals) = postSolution
		SolutionGuid = {07C3EB2F-C004-4644-AAD3-E45E6DF890AE}
	EndGlobalSection
EndGlobal
